
Microsoft Visual Studio Solution File, Format Version 12.00
# Visual Studio 2013
VisualStudioVersion = 12.0.30110.0
MinimumVisualStudioVersion = 10.0.40219.1
Project("{FAE04EC0-301F-11D3-BF4B-00C04F79EFBC}") = "ModbusSample", "ModbusSample\ModbusSample.csproj", "{52578EAD-0F05-4DDA-9B85-46AA9494F3C3}"
EndProject
Project("{FAE04EC0-301F-11D3-BF4B-00C04F79EFBC}") = "BaseCommon", "BaseCommon\BaseCommon\BaseCommon.csproj", "{1304F122-E132-49F0-884F-0D4E58FC18CB}"
EndProject
Global
	GlobalSection(SolutionConfigurationPlatforms) = preSolution
		Debug|Any CPU = Debug|Any CPU
		Debug|Mixed Platforms = Debug|Mixed Platforms
		Debug|x86 = Debug|x86
		Release|Any CPU = Release|Any CPU
		Release|Mixed Platforms = Release|Mixed Platforms
		Release|x86 = Release|x86
	EndGlobalSection
	GlobalSection(ProjectConfigurationPlatforms) = postSolution
		{52578EAD-0F05-4DDA-9B85-46AA9494F3C3}.Debug|Any CPU.ActiveCfg = Debug|x86
		{52578EAD-0F05-4DDA-9B85-46AA9494F3C3}.Debug|Mixed Platforms.ActiveCfg = Debug|x86
		{52578EAD-0F05-4DDA-9B85-46AA9494F3C3}.Debug|Mixed Platforms.Build.0 = Debug|x86
		{52578EAD-0F05-4DDA-9B85-46AA9494F3C3}.Debug|x86.ActiveCfg = Debug|x86
		{52578EAD-0F05-4DDA-9B85-46AA9494F3C3}.Debug|x86.Build.0 = Debug|x86
		{52578EAD-0F05-4DDA-9B85-46AA9494F3C3}.Release|Any CPU.ActiveCfg = Release|x86
		{52578EAD-0F05-4DDA-9B85-46AA9494F3C3}.Release|Mixed Platforms.ActiveCfg = Release|x86
		{52578EAD-0F05-4DDA-9B85-46AA9494F3C3}.Release|Mixed Platforms.Build.0 = Release|x86
		{52578EAD-0F05-4DDA-9B85-46AA9494F3C3}.Release|x86.ActiveCfg = Release|x86
		{52578EAD-0F05-4DDA-9B85-46AA9494F3C3}.Release|x86.Build.0 = Release|x86
		{1304F122-E132-49F0-884F-0D4E58FC18CB}.Debug|Any CPU.ActiveCfg = Debug|Any CPU
		{1304F122-E132-49F0-884F-0D4E58FC18CB}.Debug|Any CPU.Build.0 = Debug|Any CPU
		{1304F122-E132-49F0-884F-0D4E58FC18CB}.Debug|Mixed Platforms.ActiveCfg = Debug|Any CPU
		{1304F122-E132-49F0-884F-0D4E58FC18CB}.Debug|Mixed Platforms.Build.0 = Debug|Any CPU
		{1304F122-E132-49F0-884F-0D4E58FC18CB}.Debug|x86.ActiveCfg = Debug|Any CPU
		{1304F122-E132-49F0-884F-0D4E58FC18CB}.Release|Any CPU.ActiveCfg = Release|Any CPU
		{1304F122-E132-49F0-884F-0D4E58FC18CB}.Release|Any CPU.Build.0 = Release|Any CPU
		{1304F122-E132-49F0-884F-0D4E58FC18CB}.Release|Mixed Platforms.ActiveCfg = Release|Any CPU
		{1304F122-E132-49F0-884F-0D4E58FC18CB}.Release|Mixed Platforms.Build.0 = Release|Any CPU
		{1304F122-E132-49F0-884F-0D4E58FC18CB}.Release|x86.ActiveCfg = Release|Any CPU
	EndGlobalSection
	GlobalSection(SolutionProperties) = preSolution
		HideSolutionNode = FALSE
	EndGlobalSection
EndGlobal
