
Microsoft Visual Studio Solution File, Format Version 12.00
# Visual Studio 2012
Project("{FAE04EC0-301F-11D3-BF4B-00C04F79EFBC}") = "Pic2Vedio", "Pic2Vedio.csproj", "{DEE441EF-C7C1-4C2E-87AF-1038DC7260C6}"
EndProject
Global
	GlobalSection(SolutionConfigurationPlatforms) = preSolution
		Debug|Any CPU = Debug|Any CPU
		Release|Any CPU = Release|Any CPU
	EndGlobalSection
	GlobalSection(ProjectConfigurationPlatforms) = postSolution
		{DEE441EF-C7C1-4C2E-87AF-1038DC7260C6}.Debug|Any CPU.ActiveCfg = Debug|Any CPU
		{DEE441EF-C7C1-4C2E-87AF-1038DC7260C6}.Debug|Any CPU.Build.0 = Debug|Any CPU
		{DEE441EF-C7C1-4C2E-87AF-1038DC7260C6}.Release|Any CPU.ActiveCfg = Release|Any CPU
		{DEE441EF-C7C1-4C2E-87AF-1038DC7260C6}.Release|Any CPU.Build.0 = Release|Any CPU
	EndGlobalSection
	GlobalSection(SolutionProperties) = preSolution
		HideSolutionNode = FALSE
	EndGlobalSection
EndGlobal
